
Microsoft Visual Studio Solution File, Format Version 12.00
# Visual Studio Version 17
VisualStudioVersion = 17.5.33516.290
MinimumVisualStudioVersion = 10.0.40219.1
Project("{FAE04EC0-301F-11D3-BF4B-00C04F79EFBC}") = "CollisionDetectApp", "CollisionDetectApp\CollisionDetectApp.csproj", "{A399E264-B837-44E7-B6C8-F0E8E3044FDB}"
EndProject
Global
	GlobalSection(SolutionConfigurationPlatforms) = preSolution
		Debug|Any CPU = Debug|Any CPU
		Release|Any CPU = Release|Any CPU
	EndGlobalSection
	GlobalSection(ProjectConfigurationPlatforms) = postSolution
		{A399E264-B837-44E7-B6C8-F0E8E3044FDB}.Debug|Any CPU.ActiveCfg = Debug|Any CPU
		{A399E264-B837-44E7-B6C8-F0E8E3044FDB}.Debug|Any CPU.Build.0 = Debug|Any CPU
		{A399E264-B837-44E7-B6C8-F0E8E3044FDB}.Release|Any CPU.ActiveCfg = Release|Any CPU
		{A399E264-B837-44E7-B6C8-F0E8E3044FDB}.Release|Any CPU.Build.0 = Release|Any CPU
	EndGlobalSection
	GlobalSection(SolutionProperties) = preSolution
		HideSolutionNode = FALSE
	EndGlobalSection
	GlobalSection(ExtensibilityGlobals) = postSolution
		SolutionGuid = {96F60C85-3275-429E-813F-AEF1B3F92713}
	EndGlobalSection
EndGlobal
